
Microsoft Visual Studio Solution File, Format Version 11.00
# Visual Studio 2010
Project("{FAE04EC0-301F-11D3-BF4B-00C04F79EFBC}") = "YAPS Website", "YAPS Website\YAPS Website.csproj", "{F25C0354-CAC3-4FFA-9EDA-3CE12E483096}"
EndProject
Global
	GlobalSection(SolutionConfigurationPlatforms) = preSolution
		Debug|Any CPU = Debug|Any CPU
		Release|Any CPU = Release|Any CPU
	EndGlobalSection
	GlobalSection(ProjectConfigurationPlatforms) = postSolution
		{F25C0354-CAC3-4FFA-9EDA-3CE12E483096}.Debug|Any CPU.ActiveCfg = Debug|Any CPU
		{F25C0354-CAC3-4FFA-9EDA-3CE12E483096}.Debug|Any CPU.Build.0 = Debug|Any CPU
		{F25C0354-CAC3-4FFA-9EDA-3CE12E483096}.Release|Any CPU.ActiveCfg = Release|Any CPU
		{F25C0354-CAC3-4FFA-9EDA-3CE12E483096}.Release|Any CPU.Build.0 = Release|Any CPU
	EndGlobalSection
	GlobalSection(SolutionProperties) = preSolution
		HideSolutionNode = FALSE
	EndGlobalSection
EndGlobal
